// !$*UTF8*$!
{
	archiveVersion = 1;
	classes = {
	};
	objectVersion = 55;
	objects = {

/* Begin PBXBuildFile section */
		5C944B2928104A3B00E75B87 /* AppDelegate.swift in Sources */ = {isa = PBXBuildFile; fileRef = 5C944B2828104A3B00E75B87 /* AppDelegate.swift */; };
		5C944B2B28104A3B00E75B87 /* SceneDelegate.swift in Sources */ = {isa = PBXBuildFile; fileRef = 5C944B2A28104A3B00E75B87 /* SceneDelegate.swift */; };
		5C944B2D28104A3B00E75B87 /* ViewController.swift in Sources */ = {isa = PBXBuildFile; fileRef = 5C944B2C28104A3B00E75B87 /* ViewController.swift */; };
		5C944B3028104A3B00E75B87 /* Main.storyboard in Resources */ = {isa = PBXBuildFile; fileRef = 5C944B2E28104A3B00E75B87 /* Main.storyboard */; };
		5C944B3228104A4100E75B87 /* Assets.xcassets in Resources */ = {isa = PBXBuildFile; fileRef = 5C944B3128104A4100E75B87 /* Assets.xcassets */; };
		5C944B3528104A4100E75B87 /* LaunchScreen.storyboard in Resources */ = {isa = PBXBuildFile; fileRef = 5C944B3328104A4100E75B87 /* LaunchScreen.storyboard */; };
		5C944B442811408200E75B87 /* F.wav in Resources */ = {isa = PBXBuildFile; fileRef = 5C944B3D2811408200E75B87 /* F.wav */; };
		5C944B452811408200E75B87 /* A.wav in Resources */ = {isa = PBXBuildFile; fileRef = 5C944B3E2811408200E75B87 /* A.wav */; };
		5C944B462811408200E75B87 /* B.wav in Resources */ = {isa = PBXBuildFile; fileRef = 5C944B3F2811408200E75B87 /* B.wav */; };
		5C944B472811408200E75B87 /* G.wav in Resources */ = {isa = PBXBuildFile; fileRef = 5C944B402811408200E75B87 /* G.wav */; };
		5C944B482811408200E75B87 /* C.wav in Resources */ = {isa = PBXBuildFile; fileRef = 5C944B412811408200E75B87 /* C.wav */; };
		5C944B492811408200E75B87 /* D.wav in Resources */ = {isa = PBXBuildFile; fileRef = 5C944B422811408200E75B87 /* D.wav */; };
		5C944B4A2811408200E75B87 /* E.wav in Resources */ = {isa = PBXBuildFile; fileRef = 5C944B432811408200E75B87 /* E.wav */; };
/* End PBXBuildFile section */

/* Begin PBXFileReference section */
		5C944B2528104A3B00E75B87 /* Xylophone.app */ = {isa = PBXFileReference; explicitFileType = wrapper.application; includeInIndex = 0; path = Xylophone.app; sourceTree = BUILT_PRODUCTS_DIR; };
		5C944B2828104A3B00E75B87 /* AppDelegate.swift */ = {isa = PBXFileReference; lastKnownFileType = sourcecode.swift; path = AppDelegate.swift; sourceTree = "<group>"; };
		5C944B2A28104A3B00E75B87 /* SceneDelegate.swift */ = {isa = PBXFileReference; lastKnownFileType = sourcecode.swift; path = SceneDelegate.swift; sourceTree = "<group>"; };
		5C944B2C28104A3B00E75B87 /* ViewController.swift */ = {isa = PBXFileReference; lastKnownFileType = sourcecode.swift; path = ViewController.swift; sourceTree = "<group>"; };
		5C944B2F28104A3B00E75B87 /* Base */ = {isa = PBXFileReference; lastKnownFileType = file.storyboard; name = Base; path = Base.lproj/Main.storyboard; sourceTree = "<group>"; };
		5C944B3128104A4100E75B87 /* Assets.xcassets */ = {isa = PBXFileReference; lastKnownFileType = folder.assetcatalog; path = Assets.xcassets; sourceTree = "<group>"; };
		5C944B3428104A4100E75B87 /* Base */ = {isa = PBXFileReference; lastKnownFileType = file.storyboard; name = Base; path = Base.lproj/LaunchScreen.storyboard; sourceTree = "<group>"; };
		5C944B3628104A4100E75B87 /* Info.plist */ = {isa = PBXFileReference; lastKnownFileType = text.plist.xml; path = Info.plist; sourceTree = "<group>"; };
		5C944B3D2811408200E75B87 /* F.wav */ = {isa = PBXFileReference; lastKnownFileType = audio.wav; name = F.wav; path = Xylophone/Sounds/F.wav; sourceTree = SOURCE_ROOT; };
		5C944B3E2811408200E75B87 /* A.wav */ = {isa = PBXFileReference; lastKnownFileType = audio.wav; name = A.wav; path = Xylophone/Sounds/A.wav; sourceTree = SOURCE_ROOT; };
		5C944B3F2811408200E75B87 /* B.wav */ = {isa = PBXFileReference; lastKnownFileType = audio.wav; name = B.wav; path = Xylophone/Sounds/B.wav; sourceTree = SOURCE_ROOT; };
		5C944B402811408200E75B87 /* G.wav */ = {isa = PBXFileReference; lastKnownFileType = audio.wav; name = G.wav; path = Xylophone/Sounds/G.wav; sourceTree = SOURCE_ROOT; };
		5C944B412811408200E75B87 /* C.wav */ = {isa = PBXFileReference; lastKnownFileType = audio.wav; name = C.wav; path = Xylophone/Sounds/C.wav; sourceTree = SOURCE_ROOT; };
		5C944B422811408200E75B87 /* D.wav */ = {isa = PBXFileReference; lastKnownFileType = audio.wav; name = D.wav; path = Xylophone/Sounds/D.wav; sourceTree = SOURCE_ROOT; };
		5C944B432811408200E75B87 /* E.wav */ = {isa = PBXFileReference; lastKnownFileType = audio.wav; name = E.wav; path = Xylophone/Sounds/E.wav; sourceTree = SOURCE_ROOT; };
/* End PBXFileReference section */

/* Begin PBXFrameworksBuildPhase section */
		5C944B2228104A3B00E75B87 /* Frameworks */ = {
			isa = PBXFrameworksBuildPhase;
			buildActionMask = 2147483647;
			files = (
			);
			runOnlyForDeploymentPostprocessing = 0;
		};
/* End PBXFrameworksBuildPhase section */

/* Begin PBXGroup section */
		5C944B1C28104A3B00E75B87 = {
			isa = PBXGroup;
			children = (
				5C944B2728104A3B00E75B87 /* Xylophone */,
				5C944B2628104A3B00E75B87 /* Products */,
			);
			sourceTree = "<group>";
		};
		5C944B2628104A3B00E75B87 /* Products */ = {
			isa = PBXGroup;
			children = (
				5C944B2528104A3B00E75B87 /* Xylophone.app */,
			);
			name = Products;
			sourceTree = "<group>";
		};
		5C944B2728104A3B00E75B87 /* Xylophone */ = {
			isa = PBXGroup;
			children = (
				5C944B2828104A3B00E75B87 /* AppDelegate.swift */,
				5C944B2A28104A3B00E75B87 /* SceneDelegate.swift */,
				5C944B2C28104A3B00E75B87 /* ViewController.swift */,
				5C944B2E28104A3B00E75B87 /* Main.storyboard */,
				5C944B3128104A4100E75B87 /* Assets.xcassets */,
				5C944B3328104A4100E75B87 /* LaunchScreen.storyboard */,
				5C944B3628104A4100E75B87 /* Info.plist */,
				5C944B3C2811405C00E75B87 /* New Group */,
			);
			path = Xylophone;
			sourceTree = "<group>";
		};
		5C944B3C2811405C00E75B87 /* New Group */ = {
			isa = PBXGroup;
			children = (
				5C944B3E2811408200E75B87 /* A.wav */,
				5C944B3F2811408200E75B87 /* B.wav */,
				5C944B412811408200E75B87 /* C.wav */,
				5C944B422811408200E75B87 /* D.wav */,
				5C944B432811408200E75B87 /* E.wav */,
				5C944B3D2811408200E75B87 /* F.wav */,
				5C944B402811408200E75B87 /* G.wav */,
			);
			path = "New Group";
			sourceTree = "<group>";
		};
/* End PBXGroup section */

/* Begin PBXNativeTarget section */
		5C944B2428104A3B00E75B87 /* Xylophone */ = {
			isa = PBXNativeTarget;
			buildConfigurationList = 5C944B3928104A4100E75B87 /* Build configuration list for PBXNativeTarget "Xylophone" */;
			buildPhases = (
				5C944B2128104A3B00E75B87 /* Sources */,
				5C944B2228104A3B00E75B87 /* Frameworks */,
				5C944B2328104A3B00E75B87 /* Resources */,
			);
			buildRules = (
			);
			dependencies = (
			);
			name = Xylophone;
			productName = Xylophone;
			productReference = 5C944B2528104A3B00E75B87 /* Xylophone.app */;
			productType = "com.apple.product-type.application";
		};
/* End PBXNativeTarget section */

/* Begin PBXProject section */
		5C944B1D28104A3B00E75B87 /* Project object */ = {
			isa = PBXProject;
			attributes = {
				BuildIndependentTargetsInParallel = 1;
				LastSwiftUpdateCheck = 1320;
				LastUpgradeCheck = 1320;
				TargetAttributes = {
					5C944B2428104A3B00E75B87 = {
						CreatedOnToolsVersion = 13.2.1;
					};
				};
			};
			buildConfigurationList = 5C944B2028104A3B00E75B87 /* Build configuration list for PBXProject "Xylophone" */;
			compatibilityVersion = "Xcode 13.0";
			developmentRegion = en;
			hasScannedForEncodings = 0;
			knownRegions = (
				en,
				Base,
			);
			mainGroup = 5C944B1C28104A3B00E75B87;
			productRefGroup = 5C944B2628104A3B00E75B87 /* Products */;
			projectDirPath = "";
			projectRoot = "";
			targets = (
				5C944B2428104A3B00E75B87 /* Xylophone */,
			);
		};
/* End PBXProject section */

/* Begin PBXResourcesBuildPhase section */
		5C944B2328104A3B00E75B87 /* Resources */ = {
			isa = PBXResourcesBuildPhase;
			buildActionMask = 2147483647;
			files = (
				5C944B4A2811408200E75B87 /* E.wav in Resources */,
				5C944B492811408200E75B87 /* D.wav in Resources */,
				5C944B3528104A4100E75B87 /* LaunchScreen.storyboard in Resources */,
				5C944B3228104A4100E75B87 /* Assets.xcassets in Resources */,
				5C944B3028104A3B00E75B87 /* Main.storyboard in Resources */,
				5C944B462811408200E75B87 /* B.wav in Resources */,
				5C944B482811408200E75B87 /* C.wav in Resources */,
				5C944B472811408200E75B87 /* G.wav in Resources */,
				5C944B452811408200E75B87 /* A.wav in Resources */,
				5C944B442811408200E75B87 /* F.wav in Resources */,
			);
			runOnlyForDeploymentPostprocessing = 0;
		};
/* End PBXResourcesBuildPhase section */

/* Begin PBXSourcesBuildPhase section */
		5C944B2128104A3B00E75B87 /* Sources */ = {
			isa = PBXSourcesBuildPhase;
			buildActionMask = 2147483647;
			files = (
				5C944B2D28104A3B00E75B87 /* ViewController.swift in Sources */,
				5C944B2928104A3B00E75B87 /* AppDelegate.swift in Sources */,
				5C944B2B28104A3B00E75B87 /* SceneDelegate.swift in Sources */,
			);
			runOnlyForDeploymentPostprocessing = 0;
		};
/* End PBXSourcesBuildPhase section */

/* Begin PBXVariantGroup section */
		5C944B2E28104A3B00E75B87 /* Main.storyboard */ = {
			isa = PBXVariantGroup;
			children = (
				5C944B2F28104A3B00E75B87 /* Base */,
			);
			name = Main.storyboard;
			sourceTree = "<group>";
		};
		5C944B3328104A4100E75B87 /* LaunchScreen.storyboard */ = {
			isa = PBXVariantGroup;
			children = (
				5C944B3428104A4100E75B87 /* Base */,
			);
			name = LaunchScreen.storyboard;
			sourceTree = "<group>";
		};
/* End PBXVariantGroup section */

/* Begin XCBuildConfiguration section */
		5C944B3728104A4100E75B87 /* Debug */ = {
			isa = XCBuildConfiguration;
			buildSettings = {
				ALWAYS_SEARCH_USER_PATHS = NO;
				CLANG_ANALYZER_NONNULL = YES;
				CLANG_ANALYZER_NUMBER_OBJECT_CONVERSION = YES_AGGRESSIVE;
				CLANG_CXX_LANGUAGE_STANDARD = "gnu++17";
				CLANG_CXX_LIBRARY = "libc++";
				CLANG_ENABLE_MODULES = YES;
				CLANG_ENABLE_OBJC_ARC = YES;
				CLANG_ENABLE_OBJC_WEAK = YES;
				CLANG_WARN_BLOCK_CAPTURE_AUTORELEASING = YES;
				CLANG_WARN_BOOL_CONVERSION = YES;
				CLANG_WARN_COMMA = YES;
				CLANG_WARN_CONSTANT_CONVERSION = YES;
				CLANG_WARN_DEPRECATED_OBJC_IMPLEMENTATIONS = YES;
				CLANG_WARN_DIRECT_OBJC_ISA_USAGE = YES_ERROR;
				CLANG_WARN_DOCUMENTATION_COMMENTS = YES;
				CLANG_WARN_EMPTY_BODY = YES;
				CLANG_WARN_ENUM_CONVERSION = YES;
				CLANG_WARN_INFINITE_RECURSION = YES;
				CLANG_WARN_INT_CONVERSION = YES;
				CLANG_WARN_NON_LITERAL_NULL_CONVERSION = YES;
				CLANG_WARN_OBJC_IMPLICIT_RETAIN_SELF = YES;
				CLANG_WARN_OBJC_LITERAL_CONVERSION = YES;
				CLANG_WARN_OBJC_ROOT_CLASS = YES_ERROR;
				CLANG_WARN_QUOTED_INCLUDE_IN_FRAMEWORK_HEADER = YES;
				CLANG_WARN_RANGE_LOOP_ANALYSIS = YES;
				CLANG_WARN_STRICT_PROTOTYPES = YES;
				CLANG_WARN_SUSPICIOUS_MOVE = YES;
				CLANG_WARN_UNGUARDED_AVAILABILITY = YES_AGGRESSIVE;
				CLANG_WARN_UNREACHABLE_CODE = YES;
				CLANG_WARN__DUPLICATE_METHOD_MATCH = YES;
				COPY_PHASE_STRIP = NO;
				DEBUG_INFORMATION_FORMAT = dwarf;
				ENABLE_STRICT_OBJC_MSGSEND = YES;
				ENABLE_TESTABILITY = YES;
				GCC_C_LANGUAGE_STANDARD = gnu11;
				GCC_DYNAMIC_NO_PIC = NO;
				GCC_NO_COMMON_BLOCKS = YES;
				GCC_OPTIMIZATION_LEVEL = 0;
				GCC_PREPROCESSOR_DEFINITIONS = (
					"DEBUG=1",
					"$(inherited)",
				);
				GCC_WARN_64_TO_32_BIT_CONVERSION = YES;
				GCC_WARN_ABOUT_RETURN_TYPE = YES_ERROR;
				GCC_WARN_UNDECLARED_SELECTOR = YES;
				GCC_WARN_UNINITIALIZED_AUTOS = YES_AGGRESSIVE;
				GCC_WARN_UNUSED_FUNCTION = YES;
				GCC_WARN_UNUSED_VARIABLE = YES;
				IPHONEOS_DEPLOYMENT_TARGET = 15.2;
				MTL_ENABLE_DEBUG_INFO = INCLUDE_SOURCE;
				MTL_FAST_MATH = YES;
				ONLY_ACTIVE_ARCH = YES;
				SDKROOT = iphoneos;
				SWIFT_ACTIVE_COMPILATION_CONDITIONS = DEBUG;
				SWIFT_OPTIMIZATION_LEVEL = "-Onone";
			};
			name = Debug;
		};
		5C944B3828104A4100E75B87 /* Release */ = {
			isa = XCBuildConfiguration;
			buildSettings = {
				ALWAYS_SEARCH_USER_PATHS = NO;
				CLANG_ANALYZER_NONNULL = YES;
				CLANG_ANALYZER_NUMBER_OBJECT_CONVERSION = YES_AGGRESSIVE;
				CLANG_CXX_LANGUAGE_STANDARD = "gnu++17";
				CLANG_CXX_LIBRARY = "libc++";
				CLANG_ENABLE_MODULES = YES;
				CLANG_ENABLE_OBJC_ARC = YES;
				CLANG_ENABLE_OBJC_WEAK = YES;
				CLANG_WARN_BLOCK_CAPTURE_AUTORELEASING = YES;
				CLANG_WARN_BOOL_CONVERSION = YES;
				CLANG_WARN_COMMA = YES;
				CLANG_WARN_CONSTANT_CONVERSION = YES;
				CLANG_WARN_DEPRECATED_OBJC_IMPLEMENTATIONS = YES;
				CLANG_WARN_DIRECT_OBJC_ISA_USAGE = YES_ERROR;
				CLANG_WARN_DOCUMENTATION_COMMENTS = YES;
				CLANG_WARN_EMPTY_BODY = YES;
				CLANG_WARN_ENUM_CONVERSION = YES;
				CLANG_WARN_INFINITE_RECURSION = YES;
				CLANG_WARN_INT_CONVERSION = YES;
				CLANG_WARN_NON_LITERAL_NULL_CONVERSION = YES;
				CLANG_WARN_OBJC_IMPLICIT_RETAIN_SELF = YES;
				CLANG_WARN_OBJC_LITERAL_CONVERSION = YES;
				CLANG_WARN_OBJC_ROOT_CLASS = YES_ERROR;
				CLANG_WARN_QUOTED_INCLUDE_IN_FRAMEWORK_HEADER = YES;
				CLANG_WARN_RANGE_LOOP_ANALYSIS = YES;
				CLANG_WARN_STRICT_PROTOTYPES = YES;
				CLANG_WARN_SUSPICIOUS_MOVE = YES;
				CLANG_WARN_UNGUARDED_AVAILABILITY = YES_AGGRESSIVE;
				CLANG_WARN_UNREACHABLE_CODE = YES;
				CLANG_WARN__DUPLICATE_METHOD_MATCH = YES;
				COPY_PHASE_STRIP = NO;
				DEBUG_INFORMATION_FORMAT = "dwarf-with-dsym";
				ENABLE_NS_ASSERTIONS = NO;
				ENABLE_STRICT_OBJC_MSGSEND = YES;
				GCC_C_LANGUAGE_STANDARD = gnu11;
				GCC_NO_COMMON_BLOCKS = YES;
				GCC_WARN_64_TO_32_BIT_CONVERSION = YES;
				GCC_WARN_ABOUT_RETURN_TYPE = YES_ERROR;
				GCC_WARN_UNDECLARED_SELECTOR = YES;
				GCC_WARN_UNINITIALIZED_AUTOS = YES_AGGRESSIVE;
				GCC_WARN_UNUSED_FUNCTION = YES;
				GCC_WARN_UNUSED_VARIABLE = YES;
				IPHONEOS_DEPLOYMENT_TARGET = 15.2;
				MTL_ENABLE_DEBUG_INFO = NO;
				MTL_FAST_MATH = YES;
				SDKROOT = iphoneos;
				SWIFT_COMPILATION_MODE = wholemodule;
				SWIFT_OPTIMIZATION_LEVEL = "-O";
				VALIDATE_PRODUCT = YES;
			};
			name = Release;
		};
		5C944B3A28104A4100E75B87 /* Debug */ = {
			isa = XCBuildConfiguration;
			buildSettings = {
				ASSETCATALOG_COMPILER_APPICON_NAME = AppIcon;
				ASSETCATALOG_COMPILER_GLOBAL_ACCENT_COLOR_NAME = AccentColor;
				CODE_SIGN_STYLE = Automatic;
				CURRENT_PROJECT_VERSION = 1;
				DEVELOPMENT_TEAM = MNYFK37M67;
				GENERATE_INFOPLIST_FILE = YES;
				INFOPLIST_FILE = Xylophone/Info.plist;
				INFOPLIST_KEY_UIApplicationSupportsIndirectInputEvents = YES;
				INFOPLIST_KEY_UILaunchStoryboardName = LaunchScreen;
				INFOPLIST_KEY_UIMainStoryboardFile = Main;
				INFOPLIST_KEY_UISupportedInterfaceOrientations_iPad = "UIInterfaceOrientationPortrait UIInterfaceOrientationPortraitUpsideDown UIInterfaceOrientationLandscapeLeft UIInterfaceOrientationLandscapeRight";
				INFOPLIST_KEY_UISupportedInterfaceOrientations_iPhone = "UIInterfaceOrientationPortrait UIInterfaceOrientationLandscapeLeft UIInterfaceOrientationLandscapeRight";
				LD_RUNPATH_SEARCH_PATHS = (
					"$(inherited)",
					"@executable_path/Frameworks",
				);
				MARKETING_VERSION = 1.0;
				PRODUCT_BUNDLE_IDENTIFIER = apol.Xylophone11111;
				PRODUCT_NAME = "$(TARGET_NAME)";
				SWIFT_EMIT_LOC_STRINGS = YES;
				SWIFT_VERSION = 5.0;
				TARGETED_DEVICE_FAMILY = "1,2";
			};
			name = Debug;
		};
		5C944B3B28104A4100E75B87 /* Release */ = {
			isa = XCBuildConfiguration;
			buildSettings = {
				ASSETCATALOG_COMPILER_APPICON_NAME = AppIcon;
				ASSETCATALOG_COMPILER_GLOBAL_ACCENT_COLOR_NAME = AccentColor;
				CODE_SIGN_STYLE = Automatic;
				CURRENT_PROJECT_VERSION = 1;
				DEVELOPMENT_TEAM = MNYFK37M67;
				GENERATE_INFOPLIST_FILE = YES;
				INFOPLIST_FILE = Xylophone/Info.plist;
				INFOPLIST_KEY_UIApplicationSupportsIndirectInputEvents = YES;
				INFOPLIST_KEY_UILaunchStoryboardName = LaunchScreen;
				INFOPLIST_KEY_UIMainStoryboardFile = Main;
				INFOPLIST_KEY_UISupportedInterfaceOrientations_iPad = "UIInterfaceOrientationPortrait UIInterfaceOrientationPortraitUpsideDown UIInterfaceOrientationLandscapeLeft UIInterfaceOrientationLandscapeRight";
				INFOPLIST_KEY_UISupportedInterfaceOrientations_iPhone = "UIInterfaceOrientationPortrait UIInterfaceOrientationLandscapeLeft UIInterfaceOrientationLandscapeRight";
				LD_RUNPATH_SEARCH_PATHS = (
					"$(inherited)",
					"@executable_path/Frameworks",
				);
				MARKETING_VERSION = 1.0;
				PRODUCT_BUNDLE_IDENTIFIER = apol.Xylophone11111;
				PRODUCT_NAME = "$(TARGET_NAME)";
				SWIFT_EMIT_LOC_STRINGS = YES;
				SWIFT_VERSION = 5.0;
				TARGETED_DEVICE_FAMILY = "1,2";
			};
			name = Release;
		};
/* End XCBuildConfiguration section */

/* Begin XCConfigurationList section */
		5C944B2028104A3B00E75B87 /* Build configuration list for PBXProject "Xylophone" */ = {
			isa = XCConfigurationList;
			buildConfigurations = (
				5C944B3728104A4100E75B87 /* Debug */,
				5C944B3828104A4100E75B87 /* Release */,
			);
			defaultConfigurationIsVisible = 0;
			defaultConfigurationName = Release;
		};
		5C944B3928104A4100E75B87 /* Build configuration list for PBXNativeTarget "Xylophone" */ = {
			isa = XCConfigurationList;
			buildConfigurations = (
				5C944B3A28104A4100E75B87 /* Debug */,
				5C944B3B28104A4100E75B87 /* Release */,
			);
			defaultConfigurationIsVisible = 0;
			defaultConfigurationName = Release;
		};
/* End XCConfigurationList section */
	};
	rootObject = 5C944B1D28104A3B00E75B87 /* Project object */;
}
